
Microsoft Visual Studio Solution File, Format Version 12.00
# Visual Studio Version 17
VisualStudioVersion = 17.7.34018.315
MinimumVisualStudioVersion = 10.0.40219.1
Project("{9A19103F-16F7-4668-BE54-9A1E7A4F7556}") = "Diabetia.API", "Diabetia.API\Diabetia.API.csproj", "{67FBB467-309F-4A6E-9358-209B2E61D427}"
EndProject
Project("{2150E333-8FDC-42A3-9474-1A3956D46DE8}") = "configuration", "configuration", "{F3E47A99-AE9F-4E8F-AD9B-BA79FB26CB50}"
	ProjectSection(SolutionItems) = preProject
		.Dockerfile = .Dockerfile
	EndProjectSection
EndProject
Project("{2150E333-8FDC-42A3-9474-1A3956D46DE8}") = "src", "src", "{6F6A768F-BD14-4478-9484-FCEE0EC412D8}"
EndProject
Project("{2150E333-8FDC-42A3-9474-1A3956D46DE8}") = "1-presentation", "1-presentation", "{668DF91C-50E5-4F4E-B1C3-D7E0EDBE4269}"
EndProject
Project("{2150E333-8FDC-42A3-9474-1A3956D46DE8}") = "2-core", "2-core", "{FA4702BC-9854-4813-9955-BA0B20F91280}"
EndProject
Project("{2150E333-8FDC-42A3-9474-1A3956D46DE8}") = "3-infrastructure", "3-infrastructure", "{AB8129D8-4171-46ED-BC68-23DDA9AA47AB}"
EndProject
Project("{FAE04EC0-301F-11D3-BF4B-00C04F79EFBC}") = "Diabetia.Application", "Diabetia.Application\Diabetia.Application.csproj", "{1EF723B5-941E-4486-949A-65987CBE5343}"
EndProject
Project("{FAE04EC0-301F-11D3-BF4B-00C04F79EFBC}") = "Diabetia.Domain", "Diabetia.Domain\Diabetia.Domain.csproj", "{60DACD2A-1A40-4E30-B33F-5B5E704D7C85}"
EndProject
Project("{FAE04EC0-301F-11D3-BF4B-00C04F79EFBC}") = "Diabetia.Infrastructure", "Diabetia.Infrastructure\Diabetia.Infrastructure.csproj", "{C3A86701-A3EE-4FDF-8403-2190614D596F}"
EndProject
Global
	GlobalSection(SolutionConfigurationPlatforms) = preSolution
		Debug|Any CPU = Debug|Any CPU
		Release|Any CPU = Release|Any CPU
	EndGlobalSection
	GlobalSection(ProjectConfigurationPlatforms) = postSolution
		{67FBB467-309F-4A6E-9358-209B2E61D427}.Debug|Any CPU.ActiveCfg = Debug|Any CPU
		{67FBB467-309F-4A6E-9358-209B2E61D427}.Debug|Any CPU.Build.0 = Debug|Any CPU
		{67FBB467-309F-4A6E-9358-209B2E61D427}.Release|Any CPU.ActiveCfg = Release|Any CPU
		{67FBB467-309F-4A6E-9358-209B2E61D427}.Release|Any CPU.Build.0 = Release|Any CPU
		{1EF723B5-941E-4486-949A-65987CBE5343}.Debug|Any CPU.ActiveCfg = Debug|Any CPU
		{1EF723B5-941E-4486-949A-65987CBE5343}.Debug|Any CPU.Build.0 = Debug|Any CPU
		{1EF723B5-941E-4486-949A-65987CBE5343}.Release|Any CPU.ActiveCfg = Release|Any CPU
		{1EF723B5-941E-4486-949A-65987CBE5343}.Release|Any CPU.Build.0 = Release|Any CPU
		{60DACD2A-1A40-4E30-B33F-5B5E704D7C85}.Debug|Any CPU.ActiveCfg = Debug|Any CPU
		{60DACD2A-1A40-4E30-B33F-5B5E704D7C85}.Debug|Any CPU.Build.0 = Debug|Any CPU
		{60DACD2A-1A40-4E30-B33F-5B5E704D7C85}.Release|Any CPU.ActiveCfg = Release|Any CPU
		{60DACD2A-1A40-4E30-B33F-5B5E704D7C85}.Release|Any CPU.Build.0 = Release|Any CPU
		{C3A86701-A3EE-4FDF-8403-2190614D596F}.Debug|Any CPU.ActiveCfg = Debug|Any CPU
		{C3A86701-A3EE-4FDF-8403-2190614D596F}.Debug|Any CPU.Build.0 = Debug|Any CPU
		{C3A86701-A3EE-4FDF-8403-2190614D596F}.Release|Any CPU.ActiveCfg = Release|Any CPU
		{C3A86701-A3EE-4FDF-8403-2190614D596F}.Release|Any CPU.Build.0 = Release|Any CPU
	EndGlobalSection
	GlobalSection(SolutionProperties) = preSolution
		HideSolutionNode = FALSE
	EndGlobalSection
	GlobalSection(NestedProjects) = preSolution
		{67FBB467-309F-4A6E-9358-209B2E61D427} = {668DF91C-50E5-4F4E-B1C3-D7E0EDBE4269}
		{668DF91C-50E5-4F4E-B1C3-D7E0EDBE4269} = {6F6A768F-BD14-4478-9484-FCEE0EC412D8}
		{FA4702BC-9854-4813-9955-BA0B20F91280} = {6F6A768F-BD14-4478-9484-FCEE0EC412D8}
		{AB8129D8-4171-46ED-BC68-23DDA9AA47AB} = {6F6A768F-BD14-4478-9484-FCEE0EC412D8}
		{1EF723B5-941E-4486-949A-65987CBE5343} = {FA4702BC-9854-4813-9955-BA0B20F91280}
		{60DACD2A-1A40-4E30-B33F-5B5E704D7C85} = {FA4702BC-9854-4813-9955-BA0B20F91280}
		{C3A86701-A3EE-4FDF-8403-2190614D596F} = {AB8129D8-4171-46ED-BC68-23DDA9AA47AB}
	EndGlobalSection
	GlobalSection(ExtensibilityGlobals) = postSolution
		SolutionGuid = {A91BCCBC-5C4A-4E9A-BFF6-379146F0B42D}
	EndGlobalSection
EndGlobal
